// !$*UTF8*$!
{
	archiveVersion = 1;
	classes = {
	};
	objectVersion = 50;
	objects = {

/* Begin PBXBuildFile section */
		CF3321FC215C87360061D64B /* IndexTableView.m in Sources */ = {isa = PBXBuildFile; fileRef = CF3321FB215C87360061D64B /* IndexTableView.m */; };
		CF3E51F7215CBC5800F8B6AF /* UIButton+Extension.m in Sources */ = {isa = PBXBuildFile; fileRef = CF3E51F6215CBC5800F8B6AF /* UIButton+Extension.m */; };
		CF3E5227215E205400F8B6AF /* UIScrollView+MJRefresh.m in Sources */ = {isa = PBXBuildFile; fileRef = CF3E51F9215E205400F8B6AF /* UIScrollView+MJRefresh.m */; };
		CF3E5228215E205400F8B6AF /* MJRefreshConst.m in Sources */ = {isa = PBXBuildFile; fileRef = CF3E51FA215E205400F8B6AF /* MJRefreshConst.m */; };
		CF3E5229215E205400F8B6AF /* MJRefresh.bundle in Resources */ = {isa = PBXBuildFile; fileRef = CF3E51FE215E205400F8B6AF /* MJRefresh.bundle */; };
		CF3E522A215E205400F8B6AF /* UIScrollView+MJExtension.m in Sources */ = {isa = PBXBuildFile; fileRef = CF3E5200215E205400F8B6AF /* UIScrollView+MJExtension.m */; };
		CF3E522B215E205400F8B6AF /* NSBundle+MJRefresh.m in Sources */ = {isa = PBXBuildFile; fileRef = CF3E5203215E205400F8B6AF /* NSBundle+MJRefresh.m */; };
		CF3E522C215E205400F8B6AF /* UIView+MJExtension.m in Sources */ = {isa = PBXBuildFile; fileRef = CF3E5204215E205400F8B6AF /* UIView+MJExtension.m */; };
		CF3E522D215E205400F8B6AF /* MJRefreshBackGifFooter.m in Sources */ = {isa = PBXBuildFile; fileRef = CF3E520B215E205400F8B6AF /* MJRefreshBackGifFooter.m */; };
		CF3E522E215E205400F8B6AF /* MJRefreshBackStateFooter.m in Sources */ = {isa = PBXBuildFile; fileRef = CF3E520C215E205400F8B6AF /* MJRefreshBackStateFooter.m */; };
		CF3E522F215E205400F8B6AF /* MJRefreshBackNormalFooter.m in Sources */ = {isa = PBXBuildFile; fileRef = CF3E520D215E205400F8B6AF /* MJRefreshBackNormalFooter.m */; };
		CF3E5230215E205400F8B6AF /* MJRefreshAutoStateFooter.m in Sources */ = {isa = PBXBuildFile; fileRef = CF3E5212215E205400F8B6AF /* MJRefreshAutoStateFooter.m */; };
		CF3E5231215E205400F8B6AF /* MJRefreshAutoGifFooter.m in Sources */ = {isa = PBXBuildFile; fileRef = CF3E5213215E205400F8B6AF /* MJRefreshAutoGifFooter.m */; };
		CF3E5232215E205400F8B6AF /* MJRefreshAutoNormalFooter.m in Sources */ = {isa = PBXBuildFile; fileRef = CF3E5214215E205400F8B6AF /* MJRefreshAutoNormalFooter.m */; };
		CF3E5233215E205400F8B6AF /* MJRefreshNormalHeader.m in Sources */ = {isa = PBXBuildFile; fileRef = CF3E5216215E205400F8B6AF /* MJRefreshNormalHeader.m */; };
		CF3E5234215E205400F8B6AF /* MJRefreshStateHeader.m in Sources */ = {isa = PBXBuildFile; fileRef = CF3E521A215E205400F8B6AF /* MJRefreshStateHeader.m */; };
		CF3E5235215E205400F8B6AF /* MJRefreshGifHeader.m in Sources */ = {isa = PBXBuildFile; fileRef = CF3E521B215E205400F8B6AF /* MJRefreshGifHeader.m */; };
		CF3E5236215E205400F8B6AF /* MJRefreshFooter.m in Sources */ = {isa = PBXBuildFile; fileRef = CF3E521D215E205400F8B6AF /* MJRefreshFooter.m */; };
		CF3E5237215E205400F8B6AF /* MJRefreshHeader.m in Sources */ = {isa = PBXBuildFile; fileRef = CF3E521F215E205400F8B6AF /* MJRefreshHeader.m */; };
		CF3E5238215E205400F8B6AF /* MJRefreshBackFooter.m in Sources */ = {isa = PBXBuildFile; fileRef = CF3E5221215E205400F8B6AF /* MJRefreshBackFooter.m */; };
		CF3E5239215E205400F8B6AF /* MJRefreshAutoFooter.m in Sources */ = {isa = PBXBuildFile; fileRef = CF3E5222215E205400F8B6AF /* MJRefreshAutoFooter.m */; };
		CF3E523A215E205400F8B6AF /* MJRefreshComponent.m in Sources */ = {isa = PBXBuildFile; fileRef = CF3E5224215E205400F8B6AF /* MJRefreshComponent.m */; };
		CF8B42E12154DD780052CA6C /* AppDelegate.m in Sources */ = {isa = PBXBuildFile; fileRef = CF8B42E02154DD780052CA6C /* AppDelegate.m */; };
		CF8B42E42154DD780052CA6C /* ViewController.m in Sources */ = {isa = PBXBuildFile; fileRef = CF8B42E32154DD780052CA6C /* ViewController.m */; };
		CF8B42E72154DD780052CA6C /* Main.storyboard in Resources */ = {isa = PBXBuildFile; fileRef = CF8B42E52154DD780052CA6C /* Main.storyboard */; };
		CF8B42E92154DD7A0052CA6C /* Assets.xcassets in Resources */ = {isa = PBXBuildFile; fileRef = CF8B42E82154DD7A0052CA6C /* Assets.xcassets */; };
		CF8B42EC2154DD7A0052CA6C /* LaunchScreen.storyboard in Resources */ = {isa = PBXBuildFile; fileRef = CF8B42EA2154DD7A0052CA6C /* LaunchScreen.storyboard */; };
		CF8B42EF2154DD7A0052CA6C /* main.m in Sources */ = {isa = PBXBuildFile; fileRef = CF8B42EE2154DD7A0052CA6C /* main.m */; };
		CF8B42F92154DD7A0052CA6C /* AlipayHomePageDemoTests.m in Sources */ = {isa = PBXBuildFile; fileRef = CF8B42F82154DD7A0052CA6C /* AlipayHomePageDemoTests.m */; };
		CF8B43042154DD7A0052CA6C /* AlipayHomePageDemoUITests.m in Sources */ = {isa = PBXBuildFile; fileRef = CF8B43032154DD7A0052CA6C /* AlipayHomePageDemoUITests.m */; };
/* End PBXBuildFile section */

/* Begin PBXContainerItemProxy section */
		CF8B42F52154DD7A0052CA6C /* PBXContainerItemProxy */ = {
			isa = PBXContainerItemProxy;
			containerPortal = CF8B42D42154DD780052CA6C /* Project object */;
			proxyType = 1;
			remoteGlobalIDString = CF8B42DB2154DD780052CA6C;
			remoteInfo = AlipayHomePageDemo;
		};
		CF8B43002154DD7A0052CA6C /* PBXContainerItemProxy */ = {
			isa = PBXContainerItemProxy;
			containerPortal = CF8B42D42154DD780052CA6C /* Project object */;
			proxyType = 1;
			remoteGlobalIDString = CF8B42DB2154DD780052CA6C;
			remoteInfo = AlipayHomePageDemo;
		};
/* End PBXContainerItemProxy section */

/* Begin PBXFileReference section */
		CF3321FA215C87360061D64B /* IndexTableView.h */ = {isa = PBXFileReference; lastKnownFileType = sourcecode.c.h; path = IndexTableView.h; sourceTree = "<group>"; };
		CF3321FB215C87360061D64B /* IndexTableView.m */ = {isa = PBXFileReference; lastKnownFileType = sourcecode.c.objc; path = IndexTableView.m; sourceTree = "<group>"; };
		CF3E51F5215CBC5800F8B6AF /* UIButton+Extension.h */ = {isa = PBXFileReference; lastKnownFileType = sourcecode.c.h; path = "UIButton+Extension.h"; sourceTree = "<group>"; };
		CF3E51F6215CBC5800F8B6AF /* UIButton+Extension.m */ = {isa = PBXFileReference; lastKnownFileType = sourcecode.c.objc; path = "UIButton+Extension.m"; sourceTree = "<group>"; };
		CF3E51F9215E205400F8B6AF /* UIScrollView+MJRefresh.m */ = {isa = PBXFileReference; fileEncoding = 4; lastKnownFileType = sourcecode.c.objc; path = "UIScrollView+MJRefresh.m"; sourceTree = "<group>"; };
		CF3E51FA215E205400F8B6AF /* MJRefreshConst.m */ = {isa = PBXFileReference; fileEncoding = 4; lastKnownFileType = sourcecode.c.objc; path = MJRefreshConst.m; sourceTree = "<group>"; };
		CF3E51FB215E205400F8B6AF /* UIScrollView+MJExtension.h */ = {isa = PBXFileReference; fileEncoding = 4; lastKnownFileType = sourcecode.c.h; path = "UIScrollView+MJExtension.h"; sourceTree = "<group>"; };
		CF3E51FC215E205400F8B6AF /* MJRefresh.h */ = {isa = PBXFileReference; fileEncoding = 4; lastKnownFileType = sourcecode.c.h; path = MJRefresh.h; sourceTree = "<group>"; };
		CF3E51FD215E205400F8B6AF /* NSBundle+MJRefresh.h */ = {isa = PBXFileReference; fileEncoding = 4; lastKnownFileType = sourcecode.c.h; path = "NSBundle+MJRefresh.h"; sourceTree = "<group>"; };
		CF3E51FE215E205400F8B6AF /* MJRefresh.bundle */ = {isa = PBXFileReference; lastKnownFileType = "wrapper.plug-in"; path = MJRefresh.bundle; sourceTree = "<group>"; };
		CF3E51FF215E205400F8B6AF /* UIView+MJExtension.h */ = {isa = PBXFileReference; fileEncoding = 4; lastKnownFileType = sourcecode.c.h; path = "UIView+MJExtension.h"; sourceTree = "<group>"; };
		CF3E5200215E205400F8B6AF /* UIScrollView+MJExtension.m */ = {isa = PBXFileReference; fileEncoding = 4; lastKnownFileType = sourcecode.c.objc; path = "UIScrollView+MJExtension.m"; sourceTree = "<group>"; };
		CF3E5201215E205400F8B6AF /* MJRefreshConst.h */ = {isa = PBXFileReference; fileEncoding = 4; lastKnownFileType = sourcecode.c.h; path = MJRefreshConst.h; sourceTree = "<group>"; };
		CF3E5202215E205400F8B6AF /* UIScrollView+MJRefresh.h */ = {isa = PBXFileReference; fileEncoding = 4; lastKnownFileType = sourcecode.c.h; path = "UIScrollView+MJRefresh.h"; sourceTree = "<group>"; };
		CF3E5203215E205400F8B6AF /* NSBundle+MJRefresh.m */ = {isa = PBXFileReference; fileEncoding = 4; lastKnownFileType = sourcecode.c.objc; path = "NSBundle+MJRefresh.m"; sourceTree = "<group>"; };
		CF3E5204215E205400F8B6AF /* UIView+MJExtension.m */ = {isa = PBXFileReference; fileEncoding = 4; lastKnownFileType = sourcecode.c.objc; path = "UIView+MJExtension.m"; sourceTree = "<group>"; };
		CF3E5208215E205400F8B6AF /* MJRefreshBackGifFooter.h */ = {isa = PBXFileReference; fileEncoding = 4; lastKnownFileType = sourcecode.c.h; path = MJRefreshBackGifFooter.h; sourceTree = "<group>"; };
		CF3E5209215E205400F8B6AF /* MJRefreshBackStateFooter.h */ = {isa = PBXFileReference; fileEncoding = 4; lastKnownFileType = sourcecode.c.h; path = MJRefreshBackStateFooter.h; sourceTree = "<group>"; };
		CF3E520A215E205400F8B6AF /* MJRefreshBackNormalFooter.h */ = {isa = PBXFileReference; fileEncoding = 4; lastKnownFileType = sourcecode.c.h; path = MJRefreshBackNormalFooter.h; sourceTree = "<group>"; };
		CF3E520B215E205400F8B6AF /* MJRefreshBackGifFooter.m */ = {isa = PBXFileReference; fileEncoding = 4; lastKnownFileType = sourcecode.c.objc; path = MJRefreshBackGifFooter.m; sourceTree = "<group>"; };
		CF3E520C215E205400F8B6AF /* MJRefreshBackStateFooter.m */ = {isa = PBXFileReference; fileEncoding = 4; lastKnownFileType = sourcecode.c.objc; path = MJRefreshBackStateFooter.m; sourceTree = "<group>"; };
		CF3E520D215E205400F8B6AF /* MJRefreshBackNormalFooter.m */ = {isa = PBXFileReference; fileEncoding = 4; lastKnownFileType = sourcecode.c.objc; path = MJRefreshBackNormalFooter.m; sourceTree = "<group>"; };
		CF3E520F215E205400F8B6AF /* MJRefreshAutoStateFooter.h */ = {isa = PBXFileReference; fileEncoding = 4; lastKnownFileType = sourcecode.c.h; path = MJRefreshAutoStateFooter.h; sourceTree = "<group>"; };
		CF3E5210215E205400F8B6AF /* MJRefreshAutoNormalFooter.h */ = {isa = PBXFileReference; fileEncoding = 4; lastKnownFileType = sourcecode.c.h; path = MJRefreshAutoNormalFooter.h; sourceTree = "<group>"; };
		CF3E5211215E205400F8B6AF /* MJRefreshAutoGifFooter.h */ = {isa = PBXFileReference; fileEncoding = 4; lastKnownFileType = sourcecode.c.h; path = MJRefreshAutoGifFooter.h; sourceTree = "<group>"; };
		CF3E5212215E205400F8B6AF /* MJRefreshAutoStateFooter.m */ = {isa = PBXFileReference; fileEncoding = 4; lastKnownFileType = sourcecode.c.objc; path = MJRefreshAutoStateFooter.m; sourceTree = "<group>"; };
		CF3E5213215E205400F8B6AF /* MJRefreshAutoGifFooter.m */ = {isa = PBXFileReference; fileEncoding = 4; lastKnownFileType = sourcecode.c.objc; path = MJRefreshAutoGifFooter.m; sourceTree = "<group>"; };
		CF3E5214215E205400F8B6AF /* MJRefreshAutoNormalFooter.m */ = {isa = PBXFileReference; fileEncoding = 4; lastKnownFileType = sourcecode.c.objc; path = MJRefreshAutoNormalFooter.m; sourceTree = "<group>"; };
		CF3E5216215E205400F8B6AF /* MJRefreshNormalHeader.m */ = {isa = PBXFileReference; fileEncoding = 4; lastKnownFileType = sourcecode.c.objc; path = MJRefreshNormalHeader.m; sourceTree = "<group>"; };
		CF3E5217215E205400F8B6AF /* MJRefreshStateHeader.h */ = {isa = PBXFileReference; fileEncoding = 4; lastKnownFileType = sourcecode.c.h; path = MJRefreshStateHeader.h; sourceTree = "<group>"; };
		CF3E5218215E205400F8B6AF /* MJRefreshGifHeader.h */ = {isa = PBXFileReference; fileEncoding = 4; lastKnownFileType = sourcecode.c.h; path = MJRefreshGifHeader.h; sourceTree = "<group>"; };
		CF3E5219215E205400F8B6AF /* MJRefreshNormalHeader.h */ = {isa = PBXFileReference; fileEncoding = 4; lastKnownFileType = sourcecode.c.h; path = MJRefreshNormalHeader.h; sourceTree = "<group>"; };
		CF3E521A215E205400F8B6AF /* MJRefreshStateHeader.m */ = {isa = PBXFileReference; fileEncoding = 4; lastKnownFileType = sourcecode.c.objc; path = MJRefreshStateHeader.m; sourceTree = "<group>"; };
		CF3E521B215E205400F8B6AF /* MJRefreshGifHeader.m */ = {isa = PBXFileReference; fileEncoding = 4; lastKnownFileType = sourcecode.c.objc; path = MJRefreshGifHeader.m; sourceTree = "<group>"; };
		CF3E521D215E205400F8B6AF /* MJRefreshFooter.m */ = {isa = PBXFileReference; fileEncoding = 4; lastKnownFileType = sourcecode.c.objc; path = MJRefreshFooter.m; sourceTree = "<group>"; };
		CF3E521E215E205400F8B6AF /* MJRefreshComponent.h */ = {isa = PBXFileReference; fileEncoding = 4; lastKnownFileType = sourcecode.c.h; path = MJRefreshComponent.h; sourceTree = "<group>"; };
		CF3E521F215E205400F8B6AF /* MJRefreshHeader.m */ = {isa = PBXFileReference; fileEncoding = 4; lastKnownFileType = sourcecode.c.objc; path = MJRefreshHeader.m; sourceTree = "<group>"; };
		CF3E5220215E205400F8B6AF /* MJRefreshAutoFooter.h */ = {isa = PBXFileReference; fileEncoding = 4; lastKnownFileType = sourcecode.c.h; path = MJRefreshAutoFooter.h; sourceTree = "<group>"; };
		CF3E5221215E205400F8B6AF /* MJRefreshBackFooter.m */ = {isa = PBXFileReference; fileEncoding = 4; lastKnownFileType = sourcecode.c.objc; path = MJRefreshBackFooter.m; sourceTree = "<group>"; };
		CF3E5222215E205400F8B6AF /* MJRefreshAutoFooter.m */ = {isa = PBXFileReference; fileEncoding = 4; lastKnownFileType = sourcecode.c.objc; path = MJRefreshAutoFooter.m; sourceTree = "<group>"; };
		CF3E5223215E205400F8B6AF /* MJRefreshHeader.h */ = {isa = PBXFileReference; fileEncoding = 4; lastKnownFileType = sourcecode.c.h; path = MJRefreshHeader.h; sourceTree = "<group>"; };
		CF3E5224215E205400F8B6AF /* MJRefreshComponent.m */ = {isa = PBXFileReference; fileEncoding = 4; lastKnownFileType = sourcecode.c.objc; path = MJRefreshComponent.m; sourceTree = "<group>"; };
		CF3E5225215E205400F8B6AF /* MJRefreshFooter.h */ = {isa = PBXFileReference; fileEncoding = 4; lastKnownFileType = sourcecode.c.h; path = MJRefreshFooter.h; sourceTree = "<group>"; };
		CF3E5226215E205400F8B6AF /* MJRefreshBackFooter.h */ = {isa = PBXFileReference; fileEncoding = 4; lastKnownFileType = sourcecode.c.h; path = MJRefreshBackFooter.h; sourceTree = "<group>"; };
		CF8B42DC2154DD780052CA6C /* AlipayHomePageDemo.app */ = {isa = PBXFileReference; explicitFileType = wrapper.application; includeInIndex = 0; path = AlipayHomePageDemo.app; sourceTree = BUILT_PRODUCTS_DIR; };
		CF8B42DF2154DD780052CA6C /* AppDelegate.h */ = {isa = PBXFileReference; lastKnownFileType = sourcecode.c.h; path = AppDelegate.h; sourceTree = "<group>"; };
		CF8B42E02154DD780052CA6C /* AppDelegate.m */ = {isa = PBXFileReference; lastKnownFileType = sourcecode.c.objc; path = AppDelegate.m; sourceTree = "<group>"; };
		CF8B42E22154DD780052CA6C /* ViewController.h */ = {isa = PBXFileReference; lastKnownFileType = sourcecode.c.h; path = ViewController.h; sourceTree = "<group>"; };
		CF8B42E32154DD780052CA6C /* ViewController.m */ = {isa = PBXFileReference; lastKnownFileType = sourcecode.c.objc; path = ViewController.m; sourceTree = "<group>"; };
		CF8B42E62154DD780052CA6C /* Base */ = {isa = PBXFileReference; lastKnownFileType = file.storyboard; name = Base; path = Base.lproj/Main.storyboard; sourceTree = "<group>"; };
		CF8B42E82154DD7A0052CA6C /* Assets.xcassets */ = {isa = PBXFileReference; lastKnownFileType = folder.assetcatalog; path = Assets.xcassets; sourceTree = "<group>"; };
		CF8B42EB2154DD7A0052CA6C /* Base */ = {isa = PBXFileReference; lastKnownFileType = file.storyboard; name = Base; path = Base.lproj/LaunchScreen.storyboard; sourceTree = "<group>"; };
		CF8B42ED2154DD7A0052CA6C /* Info.plist */ = {isa = PBXFileReference; lastKnownFileType = text.plist.xml; path = Info.plist; sourceTree = "<group>"; };
		CF8B42EE2154DD7A0052CA6C /* main.m */ = {isa = PBXFileReference; lastKnownFileType = sourcecode.c.objc; path = main.m; sourceTree = "<group>"; };
		CF8B42F42154DD7A0052CA6C /* AlipayHomePageDemoTests.xctest */ = {isa = PBXFileReference; explicitFileType = wrapper.cfbundle; includeInIndex = 0; path = AlipayHomePageDemoTests.xctest; sourceTree = BUILT_PRODUCTS_DIR; };
		CF8B42F82154DD7A0052CA6C /* AlipayHomePageDemoTests.m */ = {isa = PBXFileReference; lastKnownFileType = sourcecode.c.objc; path = AlipayHomePageDemoTests.m; sourceTree = "<group>"; };
		CF8B42FA2154DD7A0052CA6C /* Info.plist */ = {isa = PBXFileReference; lastKnownFileType = text.plist.xml; path = Info.plist; sourceTree = "<group>"; };
		CF8B42FF2154DD7A0052CA6C /* AlipayHomePageDemoUITests.xctest */ = {isa = PBXFileReference; explicitFileType = wrapper.cfbundle; includeInIndex = 0; path = AlipayHomePageDemoUITests.xctest; sourceTree = BUILT_PRODUCTS_DIR; };
		CF8B43032154DD7A0052CA6C /* AlipayHomePageDemoUITests.m */ = {isa = PBXFileReference; lastKnownFileType = sourcecode.c.objc; path = AlipayHomePageDemoUITests.m; sourceTree = "<group>"; };
		CF8B43052154DD7A0052CA6C /* Info.plist */ = {isa = PBXFileReference; lastKnownFileType = text.plist.xml; path = Info.plist; sourceTree = "<group>"; };
/* End PBXFileReference section */

/* Begin PBXFrameworksBuildPhase section */
		CF8B42D92154DD780052CA6C /* Frameworks */ = {
			isa = PBXFrameworksBuildPhase;
			buildActionMask = 2147483647;
			files = (
			);
			runOnlyForDeploymentPostprocessing = 0;
		};
		CF8B42F12154DD7A0052CA6C /* Frameworks */ = {
			isa = PBXFrameworksBuildPhase;
			buildActionMask = 2147483647;
			files = (
			);
			runOnlyForDeploymentPostprocessing = 0;
		};
		CF8B42FC2154DD7A0052CA6C /* Frameworks */ = {
			isa = PBXFrameworksBuildPhase;
			buildActionMask = 2147483647;
			files = (
			);
			runOnlyForDeploymentPostprocessing = 0;
		};
/* End PBXFrameworksBuildPhase section */

/* Begin PBXGroup section */
		CF3E51F8215E205400F8B6AF /* MJRefresh */ = {
			isa = PBXGroup;
			children = (
				CF3E51F9215E205400F8B6AF /* UIScrollView+MJRefresh.m */,
				CF3E51FA215E205400F8B6AF /* MJRefreshConst.m */,
				CF3E51FB215E205400F8B6AF /* UIScrollView+MJExtension.h */,
				CF3E51FC215E205400F8B6AF /* MJRefresh.h */,
				CF3E51FD215E205400F8B6AF /* NSBundle+MJRefresh.h */,
				CF3E51FE215E205400F8B6AF /* MJRefresh.bundle */,
				CF3E51FF215E205400F8B6AF /* UIView+MJExtension.h */,
				CF3E5200215E205400F8B6AF /* UIScrollView+MJExtension.m */,
				CF3E5201215E205400F8B6AF /* MJRefreshConst.h */,
				CF3E5202215E205400F8B6AF /* UIScrollView+MJRefresh.h */,
				CF3E5203215E205400F8B6AF /* NSBundle+MJRefresh.m */,
				CF3E5204215E205400F8B6AF /* UIView+MJExtension.m */,
				CF3E5205215E205400F8B6AF /* Custom */,
				CF3E521C215E205400F8B6AF /* Base */,
			);
			name = MJRefresh;
			path = "../../../Downloads/Alipay-8.11-update-demo-master/Pods/MJRefresh/MJRefresh";
			sourceTree = "<group>";
		};
		CF3E5205215E205400F8B6AF /* Custom */ = {
			isa = PBXGroup;
			children = (
				CF3E5206215E205400F8B6AF /* Footer */,
				CF3E5215215E205400F8B6AF /* Header */,
			);
			path = Custom;
			sourceTree = "<group>";
		};
		CF3E5206215E205400F8B6AF /* Footer */ = {
			isa = PBXGroup;
			children = (
				CF3E5207215E205400F8B6AF /* Back */,
				CF3E520E215E205400F8B6AF /* Auto */,
			);
			path = Footer;
			sourceTree = "<group>";
		};
		CF3E5207215E205400F8B6AF /* Back */ = {
			isa = PBXGroup;
			children = (
				CF3E5208215E205400F8B6AF /* MJRefreshBackGifFooter.h */,
				CF3E5209215E205400F8B6AF /* MJRefreshBackStateFooter.h */,
				CF3E520A215E205400F8B6AF /* MJRefreshBackNormalFooter.h */,
				CF3E520B215E205400F8B6AF /* MJRefreshBackGifFooter.m */,
				CF3E520C215E205400F8B6AF /* MJRefreshBackStateFooter.m */,
				CF3E520D215E205400F8B6AF /* MJRefreshBackNormalFooter.m */,
			);
			path = Back;
			sourceTree = "<group>";
		};
		CF3E520E215E205400F8B6AF /* Auto */ = {
			isa = PBXGroup;
			children = (
				CF3E520F215E205400F8B6AF /* MJRefreshAutoStateFooter.h */,
				CF3E5210215E205400F8B6AF /* MJRefreshAutoNormalFooter.h */,
				CF3E5211215E205400F8B6AF /* MJRefreshAutoGifFooter.h */,
				CF3E5212215E205400F8B6AF /* MJRefreshAutoStateFooter.m */,
				CF3E5213215E205400F8B6AF /* MJRefreshAutoGifFooter.m */,
				CF3E5214215E205400F8B6AF /* MJRefreshAutoNormalFooter.m */,
			);
			path = Auto;
			sourceTree = "<group>";
		};
		CF3E5215215E205400F8B6AF /* Header */ = {
			isa = PBXGroup;
			children = (
				CF3E5216215E205400F8B6AF /* MJRefreshNormalHeader.m */,
				CF3E5217215E205400F8B6AF /* MJRefreshStateHeader.h */,
				CF3E5218215E205400F8B6AF /* MJRefreshGifHeader.h */,
				CF3E5219215E205400F8B6AF /* MJRefreshNormalHeader.h */,
				CF3E521A215E205400F8B6AF /* MJRefreshStateHeader.m */,
				CF3E521B215E205400F8B6AF /* MJRefreshGifHeader.m */,
			);
			path = Header;
			sourceTree = "<group>";
		};
		CF3E521C215E205400F8B6AF /* Base */ = {
			isa = PBXGroup;
			children = (
				CF3E521D215E205400F8B6AF /* MJRefreshFooter.m */,
				CF3E521E215E205400F8B6AF /* MJRefreshComponent.h */,
				CF3E521F215E205400F8B6AF /* MJRefreshHeader.m */,
				CF3E5220215E205400F8B6AF /* MJRefreshAutoFooter.h */,
				CF3E5221215E205400F8B6AF /* MJRefreshBackFooter.m */,
				CF3E5222215E205400F8B6AF /* MJRefreshAutoFooter.m */,
				CF3E5223215E205400F8B6AF /* MJRefreshHeader.h */,
				CF3E5224215E205400F8B6AF /* MJRefreshComponent.m */,
				CF3E5225215E205400F8B6AF /* MJRefreshFooter.h */,
				CF3E5226215E205400F8B6AF /* MJRefreshBackFooter.h */,
			);
			path = Base;
			sourceTree = "<group>";
		};
		CF8B42D32154DD780052CA6C = {
			isa = PBXGroup;
			children = (
				CF8B42DE2154DD780052CA6C /* AlipayHomePageDemo */,
				CF8B42F72154DD7A0052CA6C /* AlipayHomePageDemoTests */,
				CF8B43022154DD7A0052CA6C /* AlipayHomePageDemoUITests */,
				CF8B42DD2154DD780052CA6C /* Products */,
			);
			sourceTree = "<group>";
		};
		CF8B42DD2154DD780052CA6C /* Products */ = {
			isa = PBXGroup;
			children = (
				CF8B42DC2154DD780052CA6C /* AlipayHomePageDemo.app */,
				CF8B42F42154DD7A0052CA6C /* AlipayHomePageDemoTests.xctest */,
				CF8B42FF2154DD7A0052CA6C /* AlipayHomePageDemoUITests.xctest */,
			);
			name = Products;
			sourceTree = "<group>";
		};
		CF8B42DE2154DD780052CA6C /* AlipayHomePageDemo */ = {
			isa = PBXGroup;
			children = (
				CF3E51F8215E205400F8B6AF /* MJRefresh */,
				CF8B42DF2154DD780052CA6C /* AppDelegate.h */,
				CF8B42E02154DD780052CA6C /* AppDelegate.m */,
				CF8B42E22154DD780052CA6C /* ViewController.h */,
				CF8B42E32154DD780052CA6C /* ViewController.m */,
				CF3321FA215C87360061D64B /* IndexTableView.h */,
				CF3321FB215C87360061D64B /* IndexTableView.m */,
				CF3E51F5215CBC5800F8B6AF /* UIButton+Extension.h */,
				CF3E51F6215CBC5800F8B6AF /* UIButton+Extension.m */,
				CF8B42E52154DD780052CA6C /* Main.storyboard */,
				CF8B42E82154DD7A0052CA6C /* Assets.xcassets */,
				CF8B42EA2154DD7A0052CA6C /* LaunchScreen.storyboard */,
				CF8B42ED2154DD7A0052CA6C /* Info.plist */,
				CF8B42EE2154DD7A0052CA6C /* main.m */,
			);
			path = AlipayHomePageDemo;
			sourceTree = "<group>";
		};
		CF8B42F72154DD7A0052CA6C /* AlipayHomePageDemoTests */ = {
			isa = PBXGroup;
			children = (
				CF8B42F82154DD7A0052CA6C /* AlipayHomePageDemoTests.m */,
				CF8B42FA2154DD7A0052CA6C /* Info.plist */,
			);
			path = AlipayHomePageDemoTests;
			sourceTree = "<group>";
		};
		CF8B43022154DD7A0052CA6C /* AlipayHomePageDemoUITests */ = {
			isa = PBXGroup;
			children = (
				CF8B43032154DD7A0052CA6C /* AlipayHomePageDemoUITests.m */,
				CF8B43052154DD7A0052CA6C /* Info.plist */,
			);
			path = AlipayHomePageDemoUITests;
			sourceTree = "<group>";
		};
/* End PBXGroup section */

/* Begin PBXNativeTarget section */
		CF8B42DB2154DD780052CA6C /* AlipayHomePageDemo */ = {
			isa = PBXNativeTarget;
			buildConfigurationList = CF8B43082154DD7A0052CA6C /* Build configuration list for PBXNativeTarget "AlipayHomePageDemo" */;
			buildPhases = (
				CF8B42D82154DD780052CA6C /* Sources */,
				CF8B42D92154DD780052CA6C /* Frameworks */,
				CF8B42DA2154DD780052CA6C /* Resources */,
			);
			buildRules = (
			);
			dependencies = (
			);
			name = AlipayHomePageDemo;
			productName = AlipayHomePageDemo;
			productReference = CF8B42DC2154DD780052CA6C /* AlipayHomePageDemo.app */;
			productType = "com.apple.product-type.application";
		};
		CF8B42F32154DD7A0052CA6C /* AlipayHomePageDemoTests */ = {
			isa = PBXNativeTarget;
			buildConfigurationList = CF8B430B2154DD7A0052CA6C /* Build configuration list for PBXNativeTarget "AlipayHomePageDemoTests" */;
			buildPhases = (
				CF8B42F02154DD7A0052CA6C /* Sources */,
				CF8B42F12154DD7A0052CA6C /* Frameworks */,
				CF8B42F22154DD7A0052CA6C /* Resources */,
			);
			buildRules = (
			);
			dependencies = (
				CF8B42F62154DD7A0052CA6C /* PBXTargetDependency */,
			);
			name = AlipayHomePageDemoTests;
			productName = AlipayHomePageDemoTests;
			productReference = CF8B42F42154DD7A0052CA6C /* AlipayHomePageDemoTests.xctest */;
			productType = "com.apple.product-type.bundle.unit-test";
		};
		CF8B42FE2154DD7A0052CA6C /* AlipayHomePageDemoUITests */ = {
			isa = PBXNativeTarget;
			buildConfigurationList = CF8B430E2154DD7A0052CA6C /* Build configuration list for PBXNativeTarget "AlipayHomePageDemoUITests" */;
			buildPhases = (
				CF8B42FB2154DD7A0052CA6C /* Sources */,
				CF8B42FC2154DD7A0052CA6C /* Frameworks */,
				CF8B42FD2154DD7A0052CA6C /* Resources */,
			);
			buildRules = (
			);
			dependencies = (
				CF8B43012154DD7A0052CA6C /* PBXTargetDependency */,
			);
			name = AlipayHomePageDemoUITests;
			productName = AlipayHomePageDemoUITests;
			productReference = CF8B42FF2154DD7A0052CA6C /* AlipayHomePageDemoUITests.xctest */;
			productType = "com.apple.product-type.bundle.ui-testing";
		};
/* End PBXNativeTarget section */

/* Begin PBXProject section */
		CF8B42D42154DD780052CA6C /* Project object */ = {
			isa = PBXProject;
			attributes = {
				LastUpgradeCheck = 0940;
				ORGANIZATIONNAME = Superman;
				TargetAttributes = {
					CF8B42DB2154DD780052CA6C = {
						CreatedOnToolsVersion = 9.4.1;
					};
					CF8B42F32154DD7A0052CA6C = {
						CreatedOnToolsVersion = 9.4.1;
						TestTargetID = CF8B42DB2154DD780052CA6C;
					};
					CF8B42FE2154DD7A0052CA6C = {
						CreatedOnToolsVersion = 9.4.1;
						TestTargetID = CF8B42DB2154DD780052CA6C;
					};
				};
			};
			buildConfigurationList = CF8B42D72154DD780052CA6C /* Build configuration list for PBXProject "AlipayHomePageDemo" */;
			compatibilityVersion = "Xcode 9.3";
			developmentRegion = en;
			hasScannedForEncodings = 0;
			knownRegions = (
				en,
				Base,
			);
			mainGroup = CF8B42D32154DD780052CA6C;
			productRefGroup = CF8B42DD2154DD780052CA6C /* Products */;
			projectDirPath = "";
			projectRoot = "";
			targets = (
				CF8B42DB2154DD780052CA6C /* AlipayHomePageDemo */,
				CF8B42F32154DD7A0052CA6C /* AlipayHomePageDemoTests */,
				CF8B42FE2154DD7A0052CA6C /* AlipayHomePageDemoUITests */,
			);
		};
/* End PBXProject section */

/* Begin PBXResourcesBuildPhase section */
		CF8B42DA2154DD780052CA6C /* Resources */ = {
			isa = PBXResourcesBuildPhase;
			buildActionMask = 2147483647;
			files = (
				CF8B42EC2154DD7A0052CA6C /* LaunchScreen.storyboard in Resources */,
				CF8B42E92154DD7A0052CA6C /* Assets.xcassets in Resources */,
				CF3E5229215E205400F8B6AF /* MJRefresh.bundle in Resources */,
				CF8B42E72154DD780052CA6C /* Main.storyboard in Resources */,
			);
			runOnlyForDeploymentPostprocessing = 0;
		};
		CF8B42F22154DD7A0052CA6C /* Resources */ = {
			isa = PBXResourcesBuildPhase;
			buildActionMask = 2147483647;
			files = (
			);
			runOnlyForDeploymentPostprocessing = 0;
		};
		CF8B42FD2154DD7A0052CA6C /* Resources */ = {
			isa = PBXResourcesBuildPhase;
			buildActionMask = 2147483647;
			files = (
			);
			runOnlyForDeploymentPostprocessing = 0;
		};
/* End PBXResourcesBuildPhase section */

/* Begin PBXSourcesBuildPhase section */
		CF8B42D82154DD780052CA6C /* Sources */ = {
			isa = PBXSourcesBuildPhase;
			buildActionMask = 2147483647;
			files = (
				CF3E51F7215CBC5800F8B6AF /* UIButton+Extension.m in Sources */,
				CF3E522C215E205400F8B6AF /* UIView+MJExtension.m in Sources */,
				CF3E5230215E205400F8B6AF /* MJRefreshAutoStateFooter.m in Sources */,
				CF3E522B215E205400F8B6AF /* NSBundle+MJRefresh.m in Sources */,
				CF8B42E42154DD780052CA6C /* ViewController.m in Sources */,
				CF3E5227215E205400F8B6AF /* UIScrollView+MJRefresh.m in Sources */,
				CF3E522D215E205400F8B6AF /* MJRefreshBackGifFooter.m in Sources */,
				CF3E5231215E205400F8B6AF /* MJRefreshAutoGifFooter.m in Sources */,
				CF3E523A215E205400F8B6AF /* MJRefreshComponent.m in Sources */,
				CF3E5228215E205400F8B6AF /* MJRefreshConst.m in Sources */,
				CF3E5236215E205400F8B6AF /* MJRefreshFooter.m in Sources */,
				CF3E5237215E205400F8B6AF /* MJRefreshHeader.m in Sources */,
				CF3E522A215E205400F8B6AF /* UIScrollView+MJExtension.m in Sources */,
				CF3E522E215E205400F8B6AF /* MJRefreshBackStateFooter.m in Sources */,
				CF3E5235215E205400F8B6AF /* MJRefreshGifHeader.m in Sources */,
				CF3E5238215E205400F8B6AF /* MJRefreshBackFooter.m in Sources */,
				CF8B42EF2154DD7A0052CA6C /* main.m in Sources */,
				CF3E5233215E205400F8B6AF /* MJRefreshNormalHeader.m in Sources */,
				CF3E5234215E205400F8B6AF /* MJRefreshStateHeader.m in Sources */,
				CF3E5239215E205400F8B6AF /* MJRefreshAutoFooter.m in Sources */,
				CF3321FC215C87360061D64B /* IndexTableView.m in Sources */,
				CF3E5232215E205400F8B6AF /* MJRefreshAutoNormalFooter.m in Sources */,
				CF3E522F215E205400F8B6AF /* MJRefreshBackNormalFooter.m in Sources */,
				CF8B42E12154DD780052CA6C /* AppDelegate.m in Sources */,
			);
			runOnlyForDeploymentPostprocessing = 0;
		};
		CF8B42F02154DD7A0052CA6C /* Sources */ = {
			isa = PBXSourcesBuildPhase;
			buildActionMask = 2147483647;
			files = (
				CF8B42F92154DD7A0052CA6C /* AlipayHomePageDemoTests.m in Sources */,
			);
			runOnlyForDeploymentPostprocessing = 0;
		};
		CF8B42FB2154DD7A0052CA6C /* Sources */ = {
			isa = PBXSourcesBuildPhase;
			buildActionMask = 2147483647;
			files = (
				CF8B43042154DD7A0052CA6C /* AlipayHomePageDemoUITests.m in Sources */,
			);
			runOnlyForDeploymentPostprocessing = 0;
		};
/* End PBXSourcesBuildPhase section */

/* Begin PBXTargetDependency section */
		CF8B42F62154DD7A0052CA6C /* PBXTargetDependency */ = {
			isa = PBXTargetDependency;
			target = CF8B42DB2154DD780052CA6C /* AlipayHomePageDemo */;
			targetProxy = CF8B42F52154DD7A0052CA6C /* PBXContainerItemProxy */;
		};
		CF8B43012154DD7A0052CA6C /* PBXTargetDependency */ = {
			isa = PBXTargetDependency;
			target = CF8B42DB2154DD780052CA6C /* AlipayHomePageDemo */;
			targetProxy = CF8B43002154DD7A0052CA6C /* PBXContainerItemProxy */;
		};
/* End PBXTargetDependency section */

/* Begin PBXVariantGroup section */
		CF8B42E52154DD780052CA6C /* Main.storyboard */ = {
			isa = PBXVariantGroup;
			children = (
				CF8B42E62154DD780052CA6C /* Base */,
			);
			name = Main.storyboard;
			sourceTree = "<group>";
		};
		CF8B42EA2154DD7A0052CA6C /* LaunchScreen.storyboard */ = {
			isa = PBXVariantGroup;
			children = (
				CF8B42EB2154DD7A0052CA6C /* Base */,
			);
			name = LaunchScreen.storyboard;
			sourceTree = "<group>";
		};
/* End PBXVariantGroup section */

/* Begin XCBuildConfiguration section */
		CF8B43062154DD7A0052CA6C /* Debug */ = {
			isa = XCBuildConfiguration;
			buildSettings = {
				ALWAYS_SEARCH_USER_PATHS = NO;
				CLANG_ANALYZER_NONNULL = YES;
				CLANG_ANALYZER_NUMBER_OBJECT_CONVERSION = YES_AGGRESSIVE;
				CLANG_CXX_LANGUAGE_STANDARD = "gnu++14";
				CLANG_CXX_LIBRARY = "libc++";
				CLANG_ENABLE_MODULES = YES;
				CLANG_ENABLE_OBJC_ARC = YES;
				CLANG_ENABLE_OBJC_WEAK = YES;
				CLANG_WARN_BLOCK_CAPTURE_AUTORELEASING = YES;
				CLANG_WARN_BOOL_CONVERSION = YES;
				CLANG_WARN_COMMA = YES;
				CLANG_WARN_CONSTANT_CONVERSION = YES;
				CLANG_WARN_DEPRECATED_OBJC_IMPLEMENTATIONS = YES;
				CLANG_WARN_DIRECT_OBJC_ISA_USAGE = YES_ERROR;
				CLANG_WARN_DOCUMENTATION_COMMENTS = YES;
				CLANG_WARN_EMPTY_BODY = YES;
				CLANG_WARN_ENUM_CONVERSION = YES;
				CLANG_WARN_INFINITE_RECURSION = YES;
				CLANG_WARN_INT_CONVERSION = YES;
				CLANG_WARN_NON_LITERAL_NULL_CONVERSION = YES;
				CLANG_WARN_OBJC_IMPLICIT_RETAIN_SELF = YES;
				CLANG_WARN_OBJC_LITERAL_CONVERSION = YES;
				CLANG_WARN_OBJC_ROOT_CLASS = YES_ERROR;
				CLANG_WARN_RANGE_LOOP_ANALYSIS = YES;
				CLANG_WARN_STRICT_PROTOTYPES = YES;
				CLANG_WARN_SUSPICIOUS_MOVE = YES;
				CLANG_WARN_UNGUARDED_AVAILABILITY = YES_AGGRESSIVE;
				CLANG_WARN_UNREACHABLE_CODE = YES;
				CLANG_WARN__DUPLICATE_METHOD_MATCH = YES;
				CODE_SIGN_IDENTITY = "iPhone Developer";
				COPY_PHASE_STRIP = NO;
				DEBUG_INFORMATION_FORMAT = dwarf;
				ENABLE_STRICT_OBJC_MSGSEND = YES;
				ENABLE_TESTABILITY = YES;
				GCC_C_LANGUAGE_STANDARD = gnu11;
				GCC_DYNAMIC_NO_PIC = NO;
				GCC_NO_COMMON_BLOCKS = YES;
				GCC_OPTIMIZATION_LEVEL = 0;
				GCC_PREPROCESSOR_DEFINITIONS = (
					"DEBUG=1",
					"$(inherited)",
				);
				GCC_WARN_64_TO_32_BIT_CONVERSION = YES;
				GCC_WARN_ABOUT_RETURN_TYPE = YES_ERROR;
				GCC_WARN_UNDECLARED_SELECTOR = YES;
				GCC_WARN_UNINITIALIZED_AUTOS = YES_AGGRESSIVE;
				GCC_WARN_UNUSED_FUNCTION = YES;
				GCC_WARN_UNUSED_VARIABLE = YES;
				IPHONEOS_DEPLOYMENT_TARGET = 11.4;
				MTL_ENABLE_DEBUG_INFO = YES;
				ONLY_ACTIVE_ARCH = YES;
				SDKROOT = iphoneos;
			};
			name = Debug;
		};
		CF8B43072154DD7A0052CA6C /* Release */ = {
			isa = XCBuildConfiguration;
			buildSettings = {
				ALWAYS_SEARCH_USER_PATHS = NO;
				CLANG_ANALYZER_NONNULL = YES;
				CLANG_ANALYZER_NUMBER_OBJECT_CONVERSION = YES_AGGRESSIVE;
				CLANG_CXX_LANGUAGE_STANDARD = "gnu++14";
				CLANG_CXX_LIBRARY = "libc++";
				CLANG_ENABLE_MODULES = YES;
				CLANG_ENABLE_OBJC_ARC = YES;
				CLANG_ENABLE_OBJC_WEAK = YES;
				CLANG_WARN_BLOCK_CAPTURE_AUTORELEASING = YES;
				CLANG_WARN_BOOL_CONVERSION = YES;
				CLANG_WARN_COMMA = YES;
				CLANG_WARN_CONSTANT_CONVERSION = YES;
				CLANG_WARN_DEPRECATED_OBJC_IMPLEMENTATIONS = YES;
				CLANG_WARN_DIRECT_OBJC_ISA_USAGE = YES_ERROR;
				CLANG_WARN_DOCUMENTATION_COMMENTS = YES;
				CLANG_WARN_EMPTY_BODY = YES;
				CLANG_WARN_ENUM_CONVERSION = YES;
				CLANG_WARN_INFINITE_RECURSION = YES;
				CLANG_WARN_INT_CONVERSION = YES;
				CLANG_WARN_NON_LITERAL_NULL_CONVERSION = YES;
				CLANG_WARN_OBJC_IMPLICIT_RETAIN_SELF = YES;
				CLANG_WARN_OBJC_LITERAL_CONVERSION = YES;
				CLANG_WARN_OBJC_ROOT_CLASS = YES_ERROR;
				CLANG_WARN_RANGE_LOOP_ANALYSIS = YES;
				CLANG_WARN_STRICT_PROTOTYPES = YES;
				CLANG_WARN_SUSPICIOUS_MOVE = YES;
				CLANG_WARN_UNGUARDED_AVAILABILITY = YES_AGGRESSIVE;
				CLANG_WARN_UNREACHABLE_CODE = YES;
				CLANG_WARN__DUPLICATE_METHOD_MATCH = YES;
				CODE_SIGN_IDENTITY = "iPhone Developer";
				COPY_PHASE_STRIP = NO;
				DEBUG_INFORMATION_FORMAT = "dwarf-with-dsym";
				ENABLE_NS_ASSERTIONS = NO;
				ENABLE_STRICT_OBJC_MSGSEND = YES;
				GCC_C_LANGUAGE_STANDARD = gnu11;
				GCC_NO_COMMON_BLOCKS = YES;
				GCC_WARN_64_TO_32_BIT_CONVERSION = YES;
				GCC_WARN_ABOUT_RETURN_TYPE = YES_ERROR;
				GCC_WARN_UNDECLARED_SELECTOR = YES;
				GCC_WARN_UNINITIALIZED_AUTOS = YES_AGGRESSIVE;
				GCC_WARN_UNUSED_FUNCTION = YES;
				GCC_WARN_UNUSED_VARIABLE = YES;
				IPHONEOS_DEPLOYMENT_TARGET = 11.4;
				MTL_ENABLE_DEBUG_INFO = NO;
				SDKROOT = iphoneos;
				VALIDATE_PRODUCT = YES;
			};
			name = Release;
		};
		CF8B43092154DD7A0052CA6C /* Debug */ = {
			isa = XCBuildConfiguration;
			buildSettings = {
				ASSETCATALOG_COMPILER_APPICON_NAME = AppIcon;
				CODE_SIGN_STYLE = Automatic;
				DEVELOPMENT_TEAM = 78S8WECG83;
				FRAMEWORK_SEARCH_PATHS = (
					"$(inherited)",
					"$(PROJECT_DIR)/AlipayHomePageDemo",
				);
				INFOPLIST_FILE = AlipayHomePageDemo/Info.plist;
				IPHONEOS_DEPLOYMENT_TARGET = 10.2;
				LD_RUNPATH_SEARCH_PATHS = (
					"$(inherited)",
					"@executable_path/Frameworks",
				);
				PRODUCT_BUNDLE_IDENTIFIER = ffd.AlipayHomePageDemo;
				PRODUCT_NAME = "$(TARGET_NAME)";
				TARGETED_DEVICE_FAMILY = "1,2";
			};
			name = Debug;
		};
		CF8B430A2154DD7A0052CA6C /* Release */ = {
			isa = XCBuildConfiguration;
			buildSettings = {
				ASSETCATALOG_COMPILER_APPICON_NAME = AppIcon;
				CODE_SIGN_STYLE = Automatic;
				DEVELOPMENT_TEAM = 78S8WECG83;
				FRAMEWORK_SEARCH_PATHS = (
					"$(inherited)",
					"$(PROJECT_DIR)/AlipayHomePageDemo",
				);
				INFOPLIST_FILE = AlipayHomePageDemo/Info.plist;
				IPHONEOS_DEPLOYMENT_TARGET = 10.2;
				LD_RUNPATH_SEARCH_PATHS = (
					"$(inherited)",
					"@executable_path/Frameworks",
				);
				PRODUCT_BUNDLE_IDENTIFIER = ffd.AlipayHomePageDemo;
				PRODUCT_NAME = "$(TARGET_NAME)";
				TARGETED_DEVICE_FAMILY = "1,2";
			};
			name = Release;
		};
		CF8B430C2154DD7A0052CA6C /* Debug */ = {
			isa = XCBuildConfiguration;
			buildSettings = {
				BUNDLE_LOADER = "$(TEST_HOST)";
				CODE_SIGN_STYLE = Automatic;
				INFOPLIST_FILE = AlipayHomePageDemoTests/Info.plist;
				LD_RUNPATH_SEARCH_PATHS = (
					"$(inherited)",
					"@executable_path/Frameworks",
					"@loader_path/Frameworks",
				);
				PRODUCT_BUNDLE_IDENTIFIER = ffd.AlipayHomePageDemoTests;
				PRODUCT_NAME = "$(TARGET_NAME)";
				TARGETED_DEVICE_FAMILY = "1,2";
				TEST_HOST = "$(BUILT_PRODUCTS_DIR)/AlipayHomePageDemo.app/AlipayHomePageDemo";
			};
			name = Debug;
		};
		CF8B430D2154DD7A0052CA6C /* Release */ = {
			isa = XCBuildConfiguration;
			buildSettings = {
				BUNDLE_LOADER = "$(TEST_HOST)";
				CODE_SIGN_STYLE = Automatic;
				INFOPLIST_FILE = AlipayHomePageDemoTests/Info.plist;
				LD_RUNPATH_SEARCH_PATHS = (
					"$(inherited)",
					"@executable_path/Frameworks",
					"@loader_path/Frameworks",
				);
				PRODUCT_BUNDLE_IDENTIFIER = ffd.AlipayHomePageDemoTests;
				PRODUCT_NAME = "$(TARGET_NAME)";
				TARGETED_DEVICE_FAMILY = "1,2";
				TEST_HOST = "$(BUILT_PRODUCTS_DIR)/AlipayHomePageDemo.app/AlipayHomePageDemo";
			};
			name = Release;
		};
		CF8B430F2154DD7A0052CA6C /* Debug */ = {
			isa = XCBuildConfiguration;
			buildSettings = {
				CODE_SIGN_STYLE = Automatic;
				INFOPLIST_FILE = AlipayHomePageDemoUITests/Info.plist;
				LD_RUNPATH_SEARCH_PATHS = (
					"$(inherited)",
					"@executable_path/Frameworks",
					"@loader_path/Frameworks",
				);
				PRODUCT_BUNDLE_IDENTIFIER = ffd.AlipayHomePageDemoUITests;
				PRODUCT_NAME = "$(TARGET_NAME)";
				TARGETED_DEVICE_FAMILY = "1,2";
				TEST_TARGET_NAME = AlipayHomePageDemo;
			};
			name = Debug;
		};
		CF8B43102154DD7A0052CA6C /* Release */ = {
			isa = XCBuildConfiguration;
			buildSettings = {
				CODE_SIGN_STYLE = Automatic;
				INFOPLIST_FILE = AlipayHomePageDemoUITests/Info.plist;
				LD_RUNPATH_SEARCH_PATHS = (
					"$(inherited)",
					"@executable_path/Frameworks",
					"@loader_path/Frameworks",
				);
				PRODUCT_BUNDLE_IDENTIFIER = ffd.AlipayHomePageDemoUITests;
				PRODUCT_NAME = "$(TARGET_NAME)";
				TARGETED_DEVICE_FAMILY = "1,2";
				TEST_TARGET_NAME = AlipayHomePageDemo;
			};
			name = Release;
		};
/* End XCBuildConfiguration section */

/* Begin XCConfigurationList section */
		CF8B42D72154DD780052CA6C /* Build configuration list for PBXProject "AlipayHomePageDemo" */ = {
			isa = XCConfigurationList;
			buildConfigurations = (
				CF8B43062154DD7A0052CA6C /* Debug */,
				CF8B43072154DD7A0052CA6C /* Release */,
			);
			defaultConfigurationIsVisible = 0;
			defaultConfigurationName = Release;
		};
		CF8B43082154DD7A0052CA6C /* Build configuration list for PBXNativeTarget "AlipayHomePageDemo" */ = {
			isa = XCConfigurationList;
			buildConfigurations = (
				CF8B43092154DD7A0052CA6C /* Debug */,
				CF8B430A2154DD7A0052CA6C /* Release */,
			);
			defaultConfigurationIsVisible = 0;
			defaultConfigurationName = Release;
		};
		CF8B430B2154DD7A0052CA6C /* Build configuration list for PBXNativeTarget "AlipayHomePageDemoTests" */ = {
			isa = XCConfigurationList;
			buildConfigurations = (
				CF8B430C2154DD7A0052CA6C /* Debug */,
				CF8B430D2154DD7A0052CA6C /* Release */,
			);
			defaultConfigurationIsVisible = 0;
			defaultConfigurationName = Release;
		};
		CF8B430E2154DD7A0052CA6C /* Build configuration list for PBXNativeTarget "AlipayHomePageDemoUITests" */ = {
			isa = XCConfigurationList;
			buildConfigurations = (
				CF8B430F2154DD7A0052CA6C /* Debug */,
				CF8B43102154DD7A0052CA6C /* Release */,
			);
			defaultConfigurationIsVisible = 0;
			defaultConfigurationName = Release;
		};
/* End XCConfigurationList section */
	};
	rootObject = CF8B42D42154DD780052CA6C /* Project object */;
}
